// !$*UTF8*$!
{
	archiveVersion = 1;
	classes = {
	};
	objectVersion = 50;
	objects = {

/* Begin PBXBuildFile section */
		302DDA0424F999280030F281 /* AppDelegate.swift in Sources */ = {isa = PBXBuildFile; fileRef = 302DDA0324F999280030F281 /* AppDelegate.swift */; };
		302DDA0624F999280030F281 /* GameScene.sks in Resources */ = {isa = PBXBuildFile; fileRef = 302DDA0524F999280030F281 /* GameScene.sks */; };
		302DDA0824F999280030F281 /* Actions.sks in Resources */ = {isa = PBXBuildFile; fileRef = 302DDA0724F999280030F281 /* Actions.sks */; };
		302DDA0A24F999280030F281 /* GameScene.swift in Sources */ = {isa = PBXBuildFile; fileRef = 302DDA0924F999280030F281 /* GameScene.swift */; };
		302DDA0C24F999280030F281 /* GameViewController.swift in Sources */ = {isa = PBXBuildFile; fileRef = 302DDA0B24F999280030F281 /* GameViewController.swift */; };
		302DDA0F24F999280030F281 /* Main.storyboard in Resources */ = {isa = PBXBuildFile; fileRef = 302DDA0D24F999280030F281 /* Main.storyboard */; };
		302DDA1124F999280030F281 /* Assets.xcassets in Resources */ = {isa = PBXBuildFile; fileRef = 302DDA1024F999280030F281 /* Assets.xcassets */; };
		302DDA1424F999280030F281 /* LaunchScreen.storyboard in Resources */ = {isa = PBXBuildFile; fileRef = 302DDA1224F999280030F281 /* LaunchScreen.storyboard */; };
		302DDA1F24F999280030F281 /* Multiplayer_PongTests.swift in Sources */ = {isa = PBXBuildFile; fileRef = 302DDA1E24F999280030F281 /* Multiplayer_PongTests.swift */; };
		302DDA2A24F999290030F281 /* Multiplayer_PongUITests.swift in Sources */ = {isa = PBXBuildFile; fileRef = 302DDA2924F999290030F281 /* Multiplayer_PongUITests.swift */; };
		303772CD24FCCD69000D575B /* MenuVC.swift in Sources */ = {isa = PBXBuildFile; fileRef = 303772CC24FCCD69000D575B /* MenuVC.swift */; };
/* End PBXBuildFile section */

/* Begin PBXContainerItemProxy section */
		302DDA1B24F999280030F281 /* PBXContainerItemProxy */ = {
			isa = PBXContainerItemProxy;
			containerPortal = 302DD9F824F999280030F281 /* Project object */;
			proxyType = 1;
			remoteGlobalIDString = 302DD9FF24F999280030F281;
			remoteInfo = "Multiplayer Pong";
		};
		302DDA2624F999290030F281 /* PBXContainerItemProxy */ = {
			isa = PBXContainerItemProxy;
			containerPortal = 302DD9F824F999280030F281 /* Project object */;
			proxyType = 1;
			remoteGlobalIDString = 302DD9FF24F999280030F281;
			remoteInfo = "Multiplayer Pong";
		};
/* End PBXContainerItemProxy section */

/* Begin PBXFileReference section */
		302DDA0024F999280030F281 /* Pong Multiplayer.app */ = {isa = PBXFileReference; explicitFileType = wrapper.application; includeInIndex = 0; path = "Pong Multiplayer.app"; sourceTree = BUILT_PRODUCTS_DIR; };
		302DDA0324F999280030F281 /* AppDelegate.swift */ = {isa = PBXFileReference; lastKnownFileType = sourcecode.swift; path = AppDelegate.swift; sourceTree = "<group>"; };
		302DDA0524F999280030F281 /* GameScene.sks */ = {isa = PBXFileReference; lastKnownFileType = file.sks; path = GameScene.sks; sourceTree = "<group>"; };
		302DDA0724F999280030F281 /* Actions.sks */ = {isa = PBXFileReference; lastKnownFileType = file.sks; path = Actions.sks; sourceTree = "<group>"; };
		302DDA0924F999280030F281 /* GameScene.swift */ = {isa = PBXFileReference; lastKnownFileType = sourcecode.swift; path = GameScene.swift; sourceTree = "<group>"; };
		302DDA0B24F999280030F281 /* GameViewController.swift */ = {isa = PBXFileReference; lastKnownFileType = sourcecode.swift; path = GameViewController.swift; sourceTree = "<group>"; };
		302DDA0E24F999280030F281 /* Base */ = {isa = PBXFileReference; lastKnownFileType = file.storyboard; name = Base; path = Base.lproj/Main.storyboard; sourceTree = "<group>"; };
		302DDA1024F999280030F281 /* Assets.xcassets */ = {isa = PBXFileReference; lastKnownFileType = folder.assetcatalog; path = Assets.xcassets; sourceTree = "<group>"; };
		302DDA1324F999280030F281 /* Base */ = {isa = PBXFileReference; lastKnownFileType = file.storyboard; name = Base; path = Base.lproj/LaunchScreen.storyboard; sourceTree = "<group>"; };
		302DDA1524F999280030F281 /* Info.plist */ = {isa = PBXFileReference; lastKnownFileType = text.plist.xml; path = Info.plist; sourceTree = "<group>"; };
		302DDA1A24F999280030F281 /* Pong MultiplayerTests.xctest */ = {isa = PBXFileReference; explicitFileType = wrapper.cfbundle; includeInIndex = 0; path = "Pong MultiplayerTests.xctest"; sourceTree = BUILT_PRODUCTS_DIR; };
		302DDA1E24F999280030F281 /* Multiplayer_PongTests.swift */ = {isa = PBXFileReference; lastKnownFileType = sourcecode.swift; path = Multiplayer_PongTests.swift; sourceTree = "<group>"; };
		302DDA2024F999280030F281 /* Info.plist */ = {isa = PBXFileReference; lastKnownFileType = text.plist.xml; path = Info.plist; sourceTree = "<group>"; };
		302DDA2524F999290030F281 /* Pong MultiplayerUITests.xctest */ = {isa = PBXFileReference; explicitFileType = wrapper.cfbundle; includeInIndex = 0; path = "Pong MultiplayerUITests.xctest"; sourceTree = BUILT_PRODUCTS_DIR; };
		302DDA2924F999290030F281 /* Multiplayer_PongUITests.swift */ = {isa = PBXFileReference; lastKnownFileType = sourcecode.swift; path = Multiplayer_PongUITests.swift; sourceTree = "<group>"; };
		302DDA2B24F999290030F281 /* Info.plist */ = {isa = PBXFileReference; lastKnownFileType = text.plist.xml; path = Info.plist; sourceTree = "<group>"; };
		303772CC24FCCD69000D575B /* MenuVC.swift */ = {isa = PBXFileReference; lastKnownFileType = sourcecode.swift; path = MenuVC.swift; sourceTree = "<group>"; };
/* End PBXFileReference section */

/* Begin PBXFrameworksBuildPhase section */
		302DD9FD24F999280030F281 /* Frameworks */ = {
			isa = PBXFrameworksBuildPhase;
			buildActionMask = 2147483647;
			files = (
			);
			runOnlyForDeploymentPostprocessing = 0;
		};
		302DDA1724F999280030F281 /* Frameworks */ = {
			isa = PBXFrameworksBuildPhase;
			buildActionMask = 2147483647;
			files = (
			);
			runOnlyForDeploymentPostprocessing = 0;
		};
		302DDA2224F999290030F281 /* Frameworks */ = {
			isa = PBXFrameworksBuildPhase;
			buildActionMask = 2147483647;
			files = (
			);
			runOnlyForDeploymentPostprocessing = 0;
		};
/* End PBXFrameworksBuildPhase section */

/* Begin PBXGroup section */
		302DD9F724F999280030F281 = {
			isa = PBXGroup;
			children = (
				302DDA0224F999280030F281 /* Multiplayer Pong */,
				302DDA1D24F999280030F281 /* Multiplayer PongTests */,
				302DDA2824F999290030F281 /* Multiplayer PongUITests */,
				302DDA0124F999280030F281 /* Products */,
			);
			sourceTree = "<group>";
		};
		302DDA0124F999280030F281 /* Products */ = {
			isa = PBXGroup;
			children = (
				302DDA0024F999280030F281 /* Pong Multiplayer.app */,
				302DDA1A24F999280030F281 /* Pong MultiplayerTests.xctest */,
				302DDA2524F999290030F281 /* Pong MultiplayerUITests.xctest */,
			);
			name = Products;
			sourceTree = "<group>";
		};
		302DDA0224F999280030F281 /* Multiplayer Pong */ = {
			isa = PBXGroup;
			children = (
				302DDA0324F999280030F281 /* AppDelegate.swift */,
				302DDA0524F999280030F281 /* GameScene.sks */,
				302DDA0724F999280030F281 /* Actions.sks */,
				302DDA0924F999280030F281 /* GameScene.swift */,
				302DDA0B24F999280030F281 /* GameViewController.swift */,
				302DDA0D24F999280030F281 /* Main.storyboard */,
				302DDA1024F999280030F281 /* Assets.xcassets */,
				302DDA1224F999280030F281 /* LaunchScreen.storyboard */,
				302DDA1524F999280030F281 /* Info.plist */,
				303772CC24FCCD69000D575B /* MenuVC.swift */,
			);
			path = "Multiplayer Pong";
			sourceTree = "<group>";
		};
		302DDA1D24F999280030F281 /* Multiplayer PongTests */ = {
			isa = PBXGroup;
			children = (
				302DDA1E24F999280030F281 /* Multiplayer_PongTests.swift */,
				302DDA2024F999280030F281 /* Info.plist */,
			);
			path = "Multiplayer PongTests";
			sourceTree = "<group>";
		};
		302DDA2824F999290030F281 /* Multiplayer PongUITests */ = {
			isa = PBXGroup;
			children = (
				302DDA2924F999290030F281 /* Multiplayer_PongUITests.swift */,
				302DDA2B24F999290030F281 /* Info.plist */,
			);
			path = "Multiplayer PongUITests";
			sourceTree = "<group>";
		};
/* End PBXGroup section */

/* Begin PBXNativeTarget section */
		302DD9FF24F999280030F281 /* Pong Multiplayer */ = {
			isa = PBXNativeTarget;
			buildConfigurationList = 302DDA2E24F999290030F281 /* Build configuration list for PBXNativeTarget "Pong Multiplayer" */;
			buildPhases = (
				302DD9FC24F999280030F281 /* Sources */,
				302DD9FD24F999280030F281 /* Frameworks */,
				302DD9FE24F999280030F281 /* Resources */,
			);
			buildRules = (
			);
			dependencies = (
			);
			name = "Pong Multiplayer";
			productName = "Multiplayer Pong";
			productReference = 302DDA0024F999280030F281 /* Pong Multiplayer.app */;
			productType = "com.apple.product-type.application";
		};
		302DDA1924F999280030F281 /* Pong MultiplayerTests */ = {
			isa = PBXNativeTarget;
			buildConfigurationList = 302DDA3124F999290030F281 /* Build configuration list for PBXNativeTarget "Pong MultiplayerTests" */;
			buildPhases = (
				302DDA1624F999280030F281 /* Sources */,
				302DDA1724F999280030F281 /* Frameworks */,
				302DDA1824F999280030F281 /* Resources */,
			);
			buildRules = (
			);
			dependencies = (
				302DDA1C24F999280030F281 /* PBXTargetDependency */,
			);
			name = "Pong MultiplayerTests";
			productName = "Multiplayer PongTests";
			productReference = 302DDA1A24F999280030F281 /* Pong MultiplayerTests.xctest */;
			productType = "com.apple.product-type.bundle.unit-test";
		};
		302DDA2424F999290030F281 /* Pong MultiplayerUITests */ = {
			isa = PBXNativeTarget;
			buildConfigurationList = 302DDA3424F999290030F281 /* Build configuration list for PBXNativeTarget "Pong MultiplayerUITests" */;
			buildPhases = (
				302DDA2124F999290030F281 /* Sources */,
				302DDA2224F999290030F281 /* Frameworks */,
				302DDA2324F999290030F281 /* Resources */,
			);
			buildRules = (
			);
			dependencies = (
				302DDA2724F999290030F281 /* PBXTargetDependency */,
			);
			name = "Pong MultiplayerUITests";
			productName = "Multiplayer PongUITests";
			productReference = 302DDA2524F999290030F281 /* Pong MultiplayerUITests.xctest */;
			productType = "com.apple.product-type.bundle.ui-testing";
		};
/* End PBXNativeTarget section */

/* Begin PBXProject section */
		302DD9F824F999280030F281 /* Project object */ = {
			isa = PBXProject;
			attributes = {
				LastSwiftUpdateCheck = 1160;
				LastUpgradeCheck = 1160;
				ORGANIZATIONNAME = "Kauê Sales";
				TargetAttributes = {
					302DD9FF24F999280030F281 = {
						CreatedOnToolsVersion = 11.6;
					};
					302DDA1924F999280030F281 = {
						CreatedOnToolsVersion = 11.6;
						TestTargetID = 302DD9FF24F999280030F281;
					};
					302DDA2424F999290030F281 = {
						CreatedOnToolsVersion = 11.6;
						TestTargetID = 302DD9FF24F999280030F281;
					};
				};
			};
			buildConfigurationList = 302DD9FB24F999280030F281 /* Build configuration list for PBXProject "Pong Multiplayer" */;
			compatibilityVersion = "Xcode 9.3";
			developmentRegion = en;
			hasScannedForEncodings = 0;
			knownRegions = (
				en,
				Base,
			);
			mainGroup = 302DD9F724F999280030F281;
			productRefGroup = 302DDA0124F999280030F281 /* Products */;
			projectDirPath = "";
			projectRoot = "";
			targets = (
				302DD9FF24F999280030F281 /* Pong Multiplayer */,
				302DDA1924F999280030F281 /* Pong MultiplayerTests */,
				302DDA2424F999290030F281 /* Pong MultiplayerUITests */,
			);
		};
/* End PBXProject section */

/* Begin PBXResourcesBuildPhase section */
		302DD9FE24F999280030F281 /* Resources */ = {
			isa = PBXResourcesBuildPhase;
			buildActionMask = 2147483647;
			files = (
				302DDA0F24F999280030F281 /* Main.storyboard in Resources */,
				302DDA0624F999280030F281 /* GameScene.sks in Resources */,
				302DDA1124F999280030F281 /* Assets.xcassets in Resources */,
				302DDA1424F999280030F281 /* LaunchScreen.storyboard in Resources */,
				302DDA0824F999280030F281 /* Actions.sks in Resources */,
			);
			runOnlyForDeploymentPostprocessing = 0;
		};
		302DDA1824F999280030F281 /* Resources */ = {
			isa = PBXResourcesBuildPhase;
			buildActionMask = 2147483647;
			files = (
			);
			runOnlyForDeploymentPostprocessing = 0;
		};
		302DDA2324F999290030F281 /* Resources */ = {
			isa = PBXResourcesBuildPhase;
			buildActionMask = 2147483647;
			files = (
			);
			runOnlyForDeploymentPostprocessing = 0;
		};
/* End PBXResourcesBuildPhase section */

/* Begin PBXSourcesBuildPhase section */
		302DD9FC24F999280030F281 /* Sources */ = {
			isa = PBXSourcesBuildPhase;
			buildActionMask = 2147483647;
			files = (
				302DDA0A24F999280030F281 /* GameScene.swift in Sources */,
				303772CD24FCCD69000D575B /* MenuVC.swift in Sources */,
				302DDA0C24F999280030F281 /* GameViewController.swift in Sources */,
				302DDA0424F999280030F281 /* AppDelegate.swift in Sources */,
			);
			runOnlyForDeploymentPostprocessing = 0;
		};
		302DDA1624F999280030F281 /* Sources */ = {
			isa = PBXSourcesBuildPhase;
			buildActionMask = 2147483647;
			files = (
				302DDA1F24F999280030F281 /* Multiplayer_PongTests.swift in Sources */,
			);
			runOnlyForDeploymentPostprocessing = 0;
		};
		302DDA2124F999290030F281 /* Sources */ = {
			isa = PBXSourcesBuildPhase;
			buildActionMask = 2147483647;
			files = (
				302DDA2A24F999290030F281 /* Multiplayer_PongUITests.swift in Sources */,
			);
			runOnlyForDeploymentPostprocessing = 0;
		};
/* End PBXSourcesBuildPhase section */

/* Begin PBXTargetDependency section */
		302DDA1C24F999280030F281 /* PBXTargetDependency */ = {
			isa = PBXTargetDependency;
			target = 302DD9FF24F999280030F281 /* Pong Multiplayer */;
			targetProxy = 302DDA1B24F999280030F281 /* PBXContainerItemProxy */;
		};
		302DDA2724F999290030F281 /* PBXTargetDependency */ = {
			isa = PBXTargetDependency;
			target = 302DD9FF24F999280030F281 /* Pong Multiplayer */;
			targetProxy = 302DDA2624F999290030F281 /* PBXContainerItemProxy */;
		};
/* End PBXTargetDependency section */

/* Begin PBXVariantGroup section */
		302DDA0D24F999280030F281 /* Main.storyboard */ = {
			isa = PBXVariantGroup;
			children = (
				302DDA0E24F999280030F281 /* Base */,
			);
			name = Main.storyboard;
			sourceTree = "<group>";
		};
		302DDA1224F999280030F281 /* LaunchScreen.storyboard */ = {
			isa = PBXVariantGroup;
			children = (
				302DDA1324F999280030F281 /* Base */,
			);
			name = LaunchScreen.storyboard;
			sourceTree = "<group>";
		};
/* End PBXVariantGroup section */

/* Begin XCBuildConfiguration section */
		302DDA2C24F999290030F281 /* Debug */ = {
			isa = XCBuildConfiguration;
			buildSettings = {
				ALWAYS_SEARCH_USER_PATHS = NO;
				CLANG_ANALYZER_NONNULL = YES;
				CLANG_ANALYZER_NUMBER_OBJECT_CONVERSION = YES_AGGRESSIVE;
				CLANG_CXX_LANGUAGE_STANDARD = "gnu++14";
				CLANG_CXX_LIBRARY = "libc++";
				CLANG_ENABLE_MODULES = YES;
				CLANG_ENABLE_OBJC_ARC = YES;
				CLANG_ENABLE_OBJC_WEAK = YES;
				CLANG_WARN_BLOCK_CAPTURE_AUTORELEASING = YES;
				CLANG_WARN_BOOL_CONVERSION = YES;
				CLANG_WARN_COMMA = YES;
				CLANG_WARN_CONSTANT_CONVERSION = YES;
				CLANG_WARN_DEPRECATED_OBJC_IMPLEMENTATIONS = YES;
				CLANG_WARN_DIRECT_OBJC_ISA_USAGE = YES_ERROR;
				CLANG_WARN_DOCUMENTATION_COMMENTS = YES;
				CLANG_WARN_EMPTY_BODY = YES;
				CLANG_WARN_ENUM_CONVERSION = YES;
				CLANG_WARN_INFINITE_RECURSION = YES;
				CLANG_WARN_INT_CONVERSION = YES;
				CLANG_WARN_NON_LITERAL_NULL_CONVERSION = YES;
				CLANG_WARN_OBJC_IMPLICIT_RETAIN_SELF = YES;
				CLANG_WARN_OBJC_LITERAL_CONVERSION = YES;
				CLANG_WARN_OBJC_ROOT_CLASS = YES_ERROR;
				CLANG_WARN_RANGE_LOOP_ANALYSIS = YES;
				CLANG_WARN_STRICT_PROTOTYPES = YES;
				CLANG_WARN_SUSPICIOUS_MOVE = YES;
				CLANG_WARN_UNGUARDED_AVAILABILITY = YES_AGGRESSIVE;
				CLANG_WARN_UNREACHABLE_CODE = YES;
				CLANG_WARN__DUPLICATE_METHOD_MATCH = YES;
				COPY_PHASE_STRIP = NO;
				DEBUG_INFORMATION_FORMAT = dwarf;
				ENABLE_STRICT_OBJC_MSGSEND = YES;
				ENABLE_TESTABILITY = YES;
				GCC_C_LANGUAGE_STANDARD = gnu11;
				GCC_DYNAMIC_NO_PIC = NO;
				GCC_NO_COMMON_BLOCKS = YES;
				GCC_OPTIMIZATION_LEVEL = 0;
				GCC_PREPROCESSOR_DEFINITIONS = (
					"DEBUG=1",
					"$(inherited)",
				);
				GCC_WARN_64_TO_32_BIT_CONVERSION = YES;
				GCC_WARN_ABOUT_RETURN_TYPE = YES_ERROR;
				GCC_WARN_UNDECLARED_SELECTOR = YES;
				GCC_WARN_UNINITIALIZED_AUTOS = YES_AGGRESSIVE;
				GCC_WARN_UNUSED_FUNCTION = YES;
				GCC_WARN_UNUSED_VARIABLE = YES;
				IPHONEOS_DEPLOYMENT_TARGET = 13.6;
				MTL_ENABLE_DEBUG_INFO = INCLUDE_SOURCE;
				MTL_FAST_MATH = YES;
				ONLY_ACTIVE_ARCH = YES;
				SDKROOT = iphoneos;
				SWIFT_ACTIVE_COMPILATION_CONDITIONS = DEBUG;
				SWIFT_OPTIMIZATION_LEVEL = "-Onone";
			};
			name = Debug;
		};
		302DDA2D24F999290030F281 /* Release */ = {
			isa = XCBuildConfiguration;
			buildSettings = {
				ALWAYS_SEARCH_USER_PATHS = NO;
				CLANG_ANALYZER_NONNULL = YES;
				CLANG_ANALYZER_NUMBER_OBJECT_CONVERSION = YES_AGGRESSIVE;
				CLANG_CXX_LANGUAGE_STANDARD = "gnu++14";
				CLANG_CXX_LIBRARY = "libc++";
				CLANG_ENABLE_MODULES = YES;
				CLANG_ENABLE_OBJC_ARC = YES;
				CLANG_ENABLE_OBJC_WEAK = YES;
				CLANG_WARN_BLOCK_CAPTURE_AUTORELEASING = YES;
				CLANG_WARN_BOOL_CONVERSION = YES;
				CLANG_WARN_COMMA = YES;
				CLANG_WARN_CONSTANT_CONVERSION = YES;
				CLANG_WARN_DEPRECATED_OBJC_IMPLEMENTATIONS = YES;
				CLANG_WARN_DIRECT_OBJC_ISA_USAGE = YES_ERROR;
				CLANG_WARN_DOCUMENTATION_COMMENTS = YES;
				CLANG_WARN_EMPTY_BODY = YES;
				CLANG_WARN_ENUM_CONVERSION = YES;
				CLANG_WARN_INFINITE_RECURSION = YES;
				CLANG_WARN_INT_CONVERSION = YES;
				CLANG_WARN_NON_LITERAL_NULL_CONVERSION = YES;
				CLANG_WARN_OBJC_IMPLICIT_RETAIN_SELF = YES;
				CLANG_WARN_OBJC_LITERAL_CONVERSION = YES;
				CLANG_WARN_OBJC_ROOT_CLASS = YES_ERROR;
				CLANG_WARN_RANGE_LOOP_ANALYSIS = YES;
				CLANG_WARN_STRICT_PROTOTYPES = YES;
				CLANG_WARN_SUSPICIOUS_MOVE = YES;
				CLANG_WARN_UNGUARDED_AVAILABILITY = YES_AGGRESSIVE;
				CLANG_WARN_UNREACHABLE_CODE = YES;
				CLANG_WARN__DUPLICATE_METHOD_MATCH = YES;
				COPY_PHASE_STRIP = NO;
				DEBUG_INFORMATION_FORMAT = "dwarf-with-dsym";
				ENABLE_NS_ASSERTIONS = NO;
				ENABLE_STRICT_OBJC_MSGSEND = YES;
				GCC_C_LANGUAGE_STANDARD = gnu11;
				GCC_NO_COMMON_BLOCKS = YES;
				GCC_WARN_64_TO_32_BIT_CONVERSION = YES;
				GCC_WARN_ABOUT_RETURN_TYPE = YES_ERROR;
				GCC_WARN_UNDECLARED_SELECTOR = YES;
				GCC_WARN_UNINITIALIZED_AUTOS = YES_AGGRESSIVE;
				GCC_WARN_UNUSED_FUNCTION = YES;
				GCC_WARN_UNUSED_VARIABLE = YES;
				IPHONEOS_DEPLOYMENT_TARGET = 13.6;
				MTL_ENABLE_DEBUG_INFO = NO;
				MTL_FAST_MATH = YES;
				SDKROOT = iphoneos;
				SWIFT_COMPILATION_MODE = wholemodule;
				SWIFT_OPTIMIZATION_LEVEL = "-O";
				VALIDATE_PRODUCT = YES;
			};
			name = Release;
		};
		302DDA2F24F999290030F281 /* Debug */ = {
			isa = XCBuildConfiguration;
			buildSettings = {
				ASSETCATALOG_COMPILER_APPICON_NAME = AppIcon;
				CODE_SIGN_STYLE = Automatic;
				INFOPLIST_FILE = "Multiplayer Pong/Info.plist";
				LD_RUNPATH_SEARCH_PATHS = (
					"$(inherited)",
					"@executable_path/Frameworks",
				);
				PRODUCT_BUNDLE_IDENTIFIER = "kahbyte.Multiplayer-Pong";
				PRODUCT_NAME = "$(TARGET_NAME)";
				SWIFT_VERSION = 5.0;
				TARGETED_DEVICE_FAMILY = "1,2";
			};
			name = Debug;
		};
		302DDA3024F999290030F281 /* Release */ = {
			isa = XCBuildConfiguration;
			buildSettings = {
				ASSETCATALOG_COMPILER_APPICON_NAME = AppIcon;
				CODE_SIGN_STYLE = Automatic;
				INFOPLIST_FILE = "Multiplayer Pong/Info.plist";
				LD_RUNPATH_SEARCH_PATHS = (
					"$(inherited)",
					"@executable_path/Frameworks",
				);
				PRODUCT_BUNDLE_IDENTIFIER = "kahbyte.Multiplayer-Pong";
				PRODUCT_NAME = "$(TARGET_NAME)";
				SWIFT_VERSION = 5.0;
				TARGETED_DEVICE_FAMILY = "1,2";
			};
			name = Release;
		};
		302DDA3224F999290030F281 /* Debug */ = {
			isa = XCBuildConfiguration;
			buildSettings = {
				ALWAYS_EMBED_SWIFT_STANDARD_LIBRARIES = YES;
				BUNDLE_LOADER = "$(TEST_HOST)";
				CODE_SIGN_STYLE = Automatic;
				INFOPLIST_FILE = "Multiplayer PongTests/Info.plist";
				IPHONEOS_DEPLOYMENT_TARGET = 13.6;
				LD_RUNPATH_SEARCH_PATHS = (
					"$(inherited)",
					"@executable_path/Frameworks",
					"@loader_path/Frameworks",
				);
				PRODUCT_BUNDLE_IDENTIFIER = "kahbyte.Multiplayer-PongTests";
				PRODUCT_NAME = "$(TARGET_NAME)";
				SWIFT_VERSION = 5.0;
				TARGETED_DEVICE_FAMILY = "1,2";
				TEST_HOST = "$(BUILT_PRODUCTS_DIR)/Pong Multiplayer.app/Pong Multiplayer";
			};
			name = Debug;
		};
		302DDA3324F999290030F281 /* Release */ = {
			isa = XCBuildConfiguration;
			buildSettings = {
				ALWAYS_EMBED_SWIFT_STANDARD_LIBRARIES = YES;
				BUNDLE_LOADER = "$(TEST_HOST)";
				CODE_SIGN_STYLE = Automatic;
				INFOPLIST_FILE = "Multiplayer PongTests/Info.plist";
				IPHONEOS_DEPLOYMENT_TARGET = 13.6;
				LD_RUNPATH_SEARCH_PATHS = (
					"$(inherited)",
					"@executable_path/Frameworks",
					"@loader_path/Frameworks",
				);
				PRODUCT_BUNDLE_IDENTIFIER = "kahbyte.Multiplayer-PongTests";
				PRODUCT_NAME = "$(TARGET_NAME)";
				SWIFT_VERSION = 5.0;
				TARGETED_DEVICE_FAMILY = "1,2";
				TEST_HOST = "$(BUILT_PRODUCTS_DIR)/Pong Multiplayer.app/Pong Multiplayer";
			};
			name = Release;
		};
		302DDA3524F999290030F281 /* Debug */ = {
			isa = XCBuildConfiguration;
			buildSettings = {
				ALWAYS_EMBED_SWIFT_STANDARD_LIBRARIES = YES;
				CODE_SIGN_STYLE = Automatic;
				INFOPLIST_FILE = "Multiplayer PongUITests/Info.plist";
				LD_RUNPATH_SEARCH_PATHS = (
					"$(inherited)",
					"@executable_path/Frameworks",
					"@loader_path/Frameworks",
				);
				PRODUCT_BUNDLE_IDENTIFIER = "kahbyte.Multiplayer-PongUITests";
				PRODUCT_NAME = "$(TARGET_NAME)";
				SWIFT_VERSION = 5.0;
				TARGETED_DEVICE_FAMILY = "1,2";
				TEST_TARGET_NAME = "Multiplayer Pong";
			};
			name = Debug;
		};
		302DDA3624F999290030F281 /* Release */ = {
			isa = XCBuildConfiguration;
			buildSettings = {
				ALWAYS_EMBED_SWIFT_STANDARD_LIBRARIES = YES;
				CODE_SIGN_STYLE = Automatic;
				INFOPLIST_FILE = "Multiplayer PongUITests/Info.plist";
				LD_RUNPATH_SEARCH_PATHS = (
					"$(inherited)",
					"@executable_path/Frameworks",
					"@loader_path/Frameworks",
				);
				PRODUCT_BUNDLE_IDENTIFIER = "kahbyte.Multiplayer-PongUITests";
				PRODUCT_NAME = "$(TARGET_NAME)";
				SWIFT_VERSION = 5.0;
				TARGETED_DEVICE_FAMILY = "1,2";
				TEST_TARGET_NAME = "Multiplayer Pong";
			};
			name = Release;
		};
/* End XCBuildConfiguration section */

/* Begin XCConfigurationList section */
		302DD9FB24F999280030F281 /* Build configuration list for PBXProject "Pong Multiplayer" */ = {
			isa = XCConfigurationList;
			buildConfigurations = (
				302DDA2C24F999290030F281 /* Debug */,
				302DDA2D24F999290030F281 /* Release */,
			);
			defaultConfigurationIsVisible = 0;
			defaultConfigurationName = Release;
		};
		302DDA2E24F999290030F281 /* Build configuration list for PBXNativeTarget "Pong Multiplayer" */ = {
			isa = XCConfigurationList;
			buildConfigurations = (
				302DDA2F24F999290030F281 /* Debug */,
				302DDA3024F999290030F281 /* Release */,
			);
			defaultConfigurationIsVisible = 0;
			defaultConfigurationName = Release;
		};
		302DDA3124F999290030F281 /* Build configuration list for PBXNativeTarget "Pong MultiplayerTests" */ = {
			isa = XCConfigurationList;
			buildConfigurations = (
				302DDA3224F999290030F281 /* Debug */,
				302DDA3324F999290030F281 /* Release */,
			);
			defaultConfigurationIsVisible = 0;
			defaultConfigurationName = Release;
		};
		302DDA3424F999290030F281 /* Build configuration list for PBXNativeTarget "Pong MultiplayerUITests" */ = {
			isa = XCConfigurationList;
			buildConfigurations = (
				302DDA3524F999290030F281 /* Debug */,
				302DDA3624F999290030F281 /* Release */,
			);
			defaultConfigurationIsVisible = 0;
			defaultConfigurationName = Release;
		};
/* End XCConfigurationList section */
	};
	rootObject = 302DD9F824F999280030F281 /* Project object */;
}
